
Microsoft Visual Studio Solution File, Format Version 12.00
# Visual Studio Version 16
VisualStudioVersion = 16.0.31613.86
MinimumVisualStudioVersion = 10.0.40219.1
Project("{9A19103F-16F7-4668-BE54-9A1E7A4F7556}") = "ESourcing.Products", "ESourcing.Products\ESourcing.Products.csproj", "{669B4D2E-7849-4973-B67D-36785533FD46}"
EndProject
Project("{2150E333-8FDC-42A3-9474-1A3956D46DE8}") = "Products", "Products", "{8669DA31-F659-4316-A9CB-06BE9A6B37D5}"
EndProject
Project("{2150E333-8FDC-42A3-9474-1A3956D46DE8}") = "src", "src", "{928445B9-CAC8-49BF-9433-6038DA3B6E3E}"
EndProject
Project("{2150E333-8FDC-42A3-9474-1A3956D46DE8}") = "ApiGateway", "ApiGateway", "{465F4606-B799-4D4A-BDEA-4B4B4A4A8869}"
EndProject
Project("{2150E333-8FDC-42A3-9474-1A3956D46DE8}") = "Services", "Services", "{4C97B236-123A-4193-9DC8-FB6244B85384}"
EndProject
Project("{2150E333-8FDC-42A3-9474-1A3956D46DE8}") = "WebApp", "WebApp", "{EE4E16BB-CDFF-46E7-8CBA-4B2AE0A7A059}"
EndProject
Project("{2150E333-8FDC-42A3-9474-1A3956D46DE8}") = "Common", "Common", "{DAEFAF45-CE87-45DA-BE80-4C2E44AC473C}"
EndProject
Project("{2150E333-8FDC-42A3-9474-1A3956D46DE8}") = "Order", "Order", "{490F461B-E015-4E39-BC35-D7E435F4A874}"
EndProject
Project("{2150E333-8FDC-42A3-9474-1A3956D46DE8}") = "Sourcing", "Sourcing", "{CDAF69DD-3FDB-4E2D-86A7-0FD232665AB4}"
EndProject
Project("{E53339B2-1760-4266-BCC7-CA923CBCF16C}") = "docker-compose", "docker-compose.dcproj", "{8C18750F-2F51-4143-94F7-4D804A59A7A3}"
EndProject
Project("{9A19103F-16F7-4668-BE54-9A1E7A4F7556}") = "ESourcing.Sourcing", "ESourcing.Sourcing\ESourcing.Sourcing.csproj", "{321A9855-37C8-40AE-9423-A86578D75360}"
EndProject
Project("{9A19103F-16F7-4668-BE54-9A1E7A4F7556}") = "EventBusRabbitMQ", "EventBusRabbitMQ\EventBusRabbitMQ.csproj", "{52DD081A-9044-49C9-B4D7-05F8A168800A}"
EndProject
Project("{9A19103F-16F7-4668-BE54-9A1E7A4F7556}") = "ESourcing.Order", "ESourcing.Order\ESourcing.Order.csproj", "{0739C57F-9635-4894-8191-3384484032AA}"
EndProject
Project("{9A19103F-16F7-4668-BE54-9A1E7A4F7556}") = "Ordering.Domain", "Ordering.Domain\Ordering.Domain.csproj", "{A84D6518-EEB5-48DB-B352-E7F84656C51B}"
EndProject
Project("{9A19103F-16F7-4668-BE54-9A1E7A4F7556}") = "Ordering.Application", "Ordering.Application\Ordering.Application.csproj", "{42B70555-4674-4AE7-9EEF-8AA9F6FA4C04}"
EndProject
Project("{9A19103F-16F7-4668-BE54-9A1E7A4F7556}") = "Ordering.Infrastructure", "Ordering.Infrastructure\Ordering.Infrastructure.csproj", "{1DEC3611-0FF0-4195-A838-0F579E799331}"
EndProject
Project("{FAE04EC0-301F-11D3-BF4B-00C04F79EFBC}") = "ESourcing.APIGateway", "ESourcing.APIGateway\ESourcing.APIGateway.csproj", "{23E54C4A-9AF8-4305-9386-DF6E24BDB230}"
EndProject
Project("{FAE04EC0-301F-11D3-BF4B-00C04F79EFBC}") = "ESourcing.UI", "ESourcing.UI\ESourcing.UI.csproj", "{D40071A9-60AB-493D-BB74-C5639D206DC3}"
EndProject
Project("{FAE04EC0-301F-11D3-BF4B-00C04F79EFBC}") = "ESourcing.Core", "ESourcing.Core\ESourcing.Core.csproj", "{CB346950-5B4D-43F1-91D6-D1E0D5A3E6C6}"
EndProject
Project("{FAE04EC0-301F-11D3-BF4B-00C04F79EFBC}") = "ESourcing.Infrastructure", "ESourcing.Infrastructure\ESourcing.Infrastructure.csproj", "{D5A5B736-CBD3-4870-BE81-3264D75B5C7A}"
EndProject
Global
	GlobalSection(SolutionConfigurationPlatforms) = preSolution
		Debug|Any CPU = Debug|Any CPU
		Release|Any CPU = Release|Any CPU
	EndGlobalSection
	GlobalSection(ProjectConfigurationPlatforms) = postSolution
		{669B4D2E-7849-4973-B67D-36785533FD46}.Debug|Any CPU.ActiveCfg = Debug|Any CPU
		{669B4D2E-7849-4973-B67D-36785533FD46}.Debug|Any CPU.Build.0 = Debug|Any CPU
		{669B4D2E-7849-4973-B67D-36785533FD46}.Release|Any CPU.ActiveCfg = Release|Any CPU
		{669B4D2E-7849-4973-B67D-36785533FD46}.Release|Any CPU.Build.0 = Release|Any CPU
		{8C18750F-2F51-4143-94F7-4D804A59A7A3}.Debug|Any CPU.ActiveCfg = Debug|Any CPU
		{8C18750F-2F51-4143-94F7-4D804A59A7A3}.Debug|Any CPU.Build.0 = Debug|Any CPU
		{8C18750F-2F51-4143-94F7-4D804A59A7A3}.Release|Any CPU.ActiveCfg = Release|Any CPU
		{8C18750F-2F51-4143-94F7-4D804A59A7A3}.Release|Any CPU.Build.0 = Release|Any CPU
		{321A9855-37C8-40AE-9423-A86578D75360}.Debug|Any CPU.ActiveCfg = Debug|Any CPU
		{321A9855-37C8-40AE-9423-A86578D75360}.Debug|Any CPU.Build.0 = Debug|Any CPU
		{321A9855-37C8-40AE-9423-A86578D75360}.Release|Any CPU.ActiveCfg = Release|Any CPU
		{321A9855-37C8-40AE-9423-A86578D75360}.Release|Any CPU.Build.0 = Release|Any CPU
		{52DD081A-9044-49C9-B4D7-05F8A168800A}.Debug|Any CPU.ActiveCfg = Debug|Any CPU
		{52DD081A-9044-49C9-B4D7-05F8A168800A}.Debug|Any CPU.Build.0 = Debug|Any CPU
		{52DD081A-9044-49C9-B4D7-05F8A168800A}.Release|Any CPU.ActiveCfg = Release|Any CPU
		{52DD081A-9044-49C9-B4D7-05F8A168800A}.Release|Any CPU.Build.0 = Release|Any CPU
		{0739C57F-9635-4894-8191-3384484032AA}.Debug|Any CPU.ActiveCfg = Debug|Any CPU
		{0739C57F-9635-4894-8191-3384484032AA}.Debug|Any CPU.Build.0 = Debug|Any CPU
		{0739C57F-9635-4894-8191-3384484032AA}.Release|Any CPU.ActiveCfg = Release|Any CPU
		{0739C57F-9635-4894-8191-3384484032AA}.Release|Any CPU.Build.0 = Release|Any CPU
		{A84D6518-EEB5-48DB-B352-E7F84656C51B}.Debug|Any CPU.ActiveCfg = Debug|Any CPU
		{A84D6518-EEB5-48DB-B352-E7F84656C51B}.Debug|Any CPU.Build.0 = Debug|Any CPU
		{A84D6518-EEB5-48DB-B352-E7F84656C51B}.Release|Any CPU.ActiveCfg = Release|Any CPU
		{A84D6518-EEB5-48DB-B352-E7F84656C51B}.Release|Any CPU.Build.0 = Release|Any CPU
		{42B70555-4674-4AE7-9EEF-8AA9F6FA4C04}.Debug|Any CPU.ActiveCfg = Debug|Any CPU
		{42B70555-4674-4AE7-9EEF-8AA9F6FA4C04}.Debug|Any CPU.Build.0 = Debug|Any CPU
		{42B70555-4674-4AE7-9EEF-8AA9F6FA4C04}.Release|Any CPU.ActiveCfg = Release|Any CPU
		{42B70555-4674-4AE7-9EEF-8AA9F6FA4C04}.Release|Any CPU.Build.0 = Release|Any CPU
		{1DEC3611-0FF0-4195-A838-0F579E799331}.Debug|Any CPU.ActiveCfg = Debug|Any CPU
		{1DEC3611-0FF0-4195-A838-0F579E799331}.Debug|Any CPU.Build.0 = Debug|Any CPU
		{1DEC3611-0FF0-4195-A838-0F579E799331}.Release|Any CPU.ActiveCfg = Release|Any CPU
		{1DEC3611-0FF0-4195-A838-0F579E799331}.Release|Any CPU.Build.0 = Release|Any CPU
		{23E54C4A-9AF8-4305-9386-DF6E24BDB230}.Debug|Any CPU.ActiveCfg = Debug|Any CPU
		{23E54C4A-9AF8-4305-9386-DF6E24BDB230}.Debug|Any CPU.Build.0 = Debug|Any CPU
		{23E54C4A-9AF8-4305-9386-DF6E24BDB230}.Release|Any CPU.ActiveCfg = Release|Any CPU
		{23E54C4A-9AF8-4305-9386-DF6E24BDB230}.Release|Any CPU.Build.0 = Release|Any CPU
		{D40071A9-60AB-493D-BB74-C5639D206DC3}.Debug|Any CPU.ActiveCfg = Debug|Any CPU
		{D40071A9-60AB-493D-BB74-C5639D206DC3}.Debug|Any CPU.Build.0 = Debug|Any CPU
		{D40071A9-60AB-493D-BB74-C5639D206DC3}.Release|Any CPU.ActiveCfg = Release|Any CPU
		{D40071A9-60AB-493D-BB74-C5639D206DC3}.Release|Any CPU.Build.0 = Release|Any CPU
		{CB346950-5B4D-43F1-91D6-D1E0D5A3E6C6}.Debug|Any CPU.ActiveCfg = Debug|Any CPU
		{CB346950-5B4D-43F1-91D6-D1E0D5A3E6C6}.Debug|Any CPU.Build.0 = Debug|Any CPU
		{CB346950-5B4D-43F1-91D6-D1E0D5A3E6C6}.Release|Any CPU.ActiveCfg = Release|Any CPU
		{CB346950-5B4D-43F1-91D6-D1E0D5A3E6C6}.Release|Any CPU.Build.0 = Release|Any CPU
		{D5A5B736-CBD3-4870-BE81-3264D75B5C7A}.Debug|Any CPU.ActiveCfg = Debug|Any CPU
		{D5A5B736-CBD3-4870-BE81-3264D75B5C7A}.Debug|Any CPU.Build.0 = Debug|Any CPU
		{D5A5B736-CBD3-4870-BE81-3264D75B5C7A}.Release|Any CPU.ActiveCfg = Release|Any CPU
		{D5A5B736-CBD3-4870-BE81-3264D75B5C7A}.Release|Any CPU.Build.0 = Release|Any CPU
	EndGlobalSection
	GlobalSection(SolutionProperties) = preSolution
		HideSolutionNode = FALSE
	EndGlobalSection
	GlobalSection(NestedProjects) = preSolution
		{669B4D2E-7849-4973-B67D-36785533FD46} = {8669DA31-F659-4316-A9CB-06BE9A6B37D5}
		{8669DA31-F659-4316-A9CB-06BE9A6B37D5} = {4C97B236-123A-4193-9DC8-FB6244B85384}
		{465F4606-B799-4D4A-BDEA-4B4B4A4A8869} = {928445B9-CAC8-49BF-9433-6038DA3B6E3E}
		{4C97B236-123A-4193-9DC8-FB6244B85384} = {928445B9-CAC8-49BF-9433-6038DA3B6E3E}
		{EE4E16BB-CDFF-46E7-8CBA-4B2AE0A7A059} = {928445B9-CAC8-49BF-9433-6038DA3B6E3E}
		{DAEFAF45-CE87-45DA-BE80-4C2E44AC473C} = {4C97B236-123A-4193-9DC8-FB6244B85384}
		{490F461B-E015-4E39-BC35-D7E435F4A874} = {4C97B236-123A-4193-9DC8-FB6244B85384}
		{CDAF69DD-3FDB-4E2D-86A7-0FD232665AB4} = {4C97B236-123A-4193-9DC8-FB6244B85384}
		{321A9855-37C8-40AE-9423-A86578D75360} = {CDAF69DD-3FDB-4E2D-86A7-0FD232665AB4}
		{52DD081A-9044-49C9-B4D7-05F8A168800A} = {DAEFAF45-CE87-45DA-BE80-4C2E44AC473C}
		{0739C57F-9635-4894-8191-3384484032AA} = {490F461B-E015-4E39-BC35-D7E435F4A874}
		{A84D6518-EEB5-48DB-B352-E7F84656C51B} = {490F461B-E015-4E39-BC35-D7E435F4A874}
		{42B70555-4674-4AE7-9EEF-8AA9F6FA4C04} = {490F461B-E015-4E39-BC35-D7E435F4A874}
		{1DEC3611-0FF0-4195-A838-0F579E799331} = {490F461B-E015-4E39-BC35-D7E435F4A874}
		{23E54C4A-9AF8-4305-9386-DF6E24BDB230} = {465F4606-B799-4D4A-BDEA-4B4B4A4A8869}
		{D40071A9-60AB-493D-BB74-C5639D206DC3} = {EE4E16BB-CDFF-46E7-8CBA-4B2AE0A7A059}
		{CB346950-5B4D-43F1-91D6-D1E0D5A3E6C6} = {EE4E16BB-CDFF-46E7-8CBA-4B2AE0A7A059}
		{D5A5B736-CBD3-4870-BE81-3264D75B5C7A} = {EE4E16BB-CDFF-46E7-8CBA-4B2AE0A7A059}
	EndGlobalSection
	GlobalSection(ExtensibilityGlobals) = postSolution
		SolutionGuid = {F7147A0A-9B7B-48AC-8CD8-C1BB531F7402}
	EndGlobalSection
EndGlobal
